
Microsoft Visual Studio Solution File, Format Version 12.00
# Visual Studio Version 16
VisualStudioVersion = 16.0.31729.503
MinimumVisualStudioVersion = 10.0.40219.1
Project("{FAE04EC0-301F-11D3-BF4B-00C04F79EFBC}") = "practih8", "practih8\practih8.csproj", "{DDF029D2-E49E-4222-9B06-C128FA44EE14}"
EndProject
Global
	GlobalSection(SolutionConfigurationPlatforms) = preSolution
		Debug|Any CPU = Debug|Any CPU
		Release|Any CPU = Release|Any CPU
	EndGlobalSection
	GlobalSection(ProjectConfigurationPlatforms) = postSolution
		{DDF029D2-E49E-4222-9B06-C128FA44EE14}.Debug|Any CPU.ActiveCfg = Debug|Any CPU
		{DDF029D2-E49E-4222-9B06-C128FA44EE14}.Debug|Any CPU.Build.0 = Debug|Any CPU
		{DDF029D2-E49E-4222-9B06-C128FA44EE14}.Release|Any CPU.ActiveCfg = Release|Any CPU
		{DDF029D2-E49E-4222-9B06-C128FA44EE14}.Release|Any CPU.Build.0 = Release|Any CPU
	EndGlobalSection
	GlobalSection(SolutionProperties) = preSolution
		HideSolutionNode = FALSE
	EndGlobalSection
	GlobalSection(ExtensibilityGlobals) = postSolution
		SolutionGuid = {2AE6EAB4-D976-4E40-89CA-95D271F3268A}
	EndGlobalSection
EndGlobal
