
Microsoft Visual Studio Solution File, Format Version 12.00
# Visual Studio Version 16
VisualStudioVersion = 16.0.31410.357
MinimumVisualStudioVersion = 10.0.40219.1
Project("{FAE04EC0-301F-11D3-BF4B-00C04F79EFBC}") = "Praktih10", "Praktih10\Praktih10.csproj", "{BC082ED9-7A23-4AF3-BB0D-53CD448CD600}"
EndProject
Global
	GlobalSection(SolutionConfigurationPlatforms) = preSolution
		Debug|Any CPU = Debug|Any CPU
		Release|Any CPU = Release|Any CPU
	EndGlobalSection
	GlobalSection(ProjectConfigurationPlatforms) = postSolution
		{BC082ED9-7A23-4AF3-BB0D-53CD448CD600}.Debug|Any CPU.ActiveCfg = Debug|Any CPU
		{BC082ED9-7A23-4AF3-BB0D-53CD448CD600}.Debug|Any CPU.Build.0 = Debug|Any CPU
		{BC082ED9-7A23-4AF3-BB0D-53CD448CD600}.Release|Any CPU.ActiveCfg = Release|Any CPU
		{BC082ED9-7A23-4AF3-BB0D-53CD448CD600}.Release|Any CPU.Build.0 = Release|Any CPU
	EndGlobalSection
	GlobalSection(SolutionProperties) = preSolution
		HideSolutionNode = FALSE
	EndGlobalSection
	GlobalSection(ExtensibilityGlobals) = postSolution
		SolutionGuid = {D8372FFA-C6F6-46E5-A6C4-8FF2553C1AFC}
	EndGlobalSection
EndGlobal
